
Microsoft Visual Studio Solution File, Format Version 12.00
# Visual Studio 14
VisualStudioVersion = 14.0.25123.0
MinimumVisualStudioVersion = 10.0.40219.1
Project("{472E94EC-9170-4D36-A2DD-A55F3D72BDD4}") = "Sitecore.Support.225604", "Sitecore.Support.225604\Sitecore.Support.225604.csproj", "{154FE446-FF38-4C0E-9876-19FD8C524E7D}"
EndProject
Global
	GlobalSection(SolutionConfigurationPlatforms) = preSolution
		Debug|Any CPU = Debug|Any CPU
		Release|Any CPU = Release|Any CPU
	EndGlobalSection
	GlobalSection(ProjectConfigurationPlatforms) = postSolution
		{154FE446-FF38-4C0E-9876-19FD8C524E7D}.Debug|Any CPU.ActiveCfg = Debug|Any CPU
		{154FE446-FF38-4C0E-9876-19FD8C524E7D}.Debug|Any CPU.Build.0 = Debug|Any CPU
		{154FE446-FF38-4C0E-9876-19FD8C524E7D}.Release|Any CPU.ActiveCfg = Release|Any CPU
		{154FE446-FF38-4C0E-9876-19FD8C524E7D}.Release|Any CPU.Build.0 = Release|Any CPU
	EndGlobalSection
	GlobalSection(SolutionProperties) = preSolution
		HideSolutionNode = FALSE
	EndGlobalSection
EndGlobal
